// !$*UTF8*$!
{
	archiveVersion = 1;
	classes = {
	};
	objectVersion = 46;
	objects = {

/* Begin PBXBuildFile section */
		094B04821B62EFA9004DF622 /* AppDelegate.swift in Sources */ = {isa = PBXBuildFile; fileRef = 094B04811B62EFA9004DF622 /* AppDelegate.swift */; };
		094B04841B62EFA9004DF622 /* ViewController.swift in Sources */ = {isa = PBXBuildFile; fileRef = 094B04831B62EFA9004DF622 /* ViewController.swift */; };
		094B04871B62EFA9004DF622 /* Main.storyboard in Resources */ = {isa = PBXBuildFile; fileRef = 094B04851B62EFA9004DF622 /* Main.storyboard */; };
		094B04891B62EFA9004DF622 /* Images.xcassets in Resources */ = {isa = PBXBuildFile; fileRef = 094B04881B62EFA9004DF622 /* Images.xcassets */; };
		094B048C1B62EFA9004DF622 /* LaunchScreen.xib in Resources */ = {isa = PBXBuildFile; fileRef = 094B048A1B62EFA9004DF622 /* LaunchScreen.xib */; };
		094B04981B62EFA9004DF622 /* coinflipTests.swift in Sources */ = {isa = PBXBuildFile; fileRef = 094B04971B62EFA9004DF622 /* coinflipTests.swift */; };
/* End PBXBuildFile section */

/* Begin PBXContainerItemProxy section */
		094B04921B62EFA9004DF622 /* PBXContainerItemProxy */ = {
			isa = PBXContainerItemProxy;
			containerPortal = 094B04741B62EFA9004DF622 /* Project object */;
			proxyType = 1;
			remoteGlobalIDString = 094B047B1B62EFA9004DF622;
			remoteInfo = coinflip;
		};
/* End PBXContainerItemProxy section */

/* Begin PBXFileReference section */
		094B047C1B62EFA9004DF622 /* coinflip.app */ = {isa = PBXFileReference; explicitFileType = wrapper.application; includeInIndex = 0; path = coinflip.app; sourceTree = BUILT_PRODUCTS_DIR; };
		094B04801B62EFA9004DF622 /* Info.plist */ = {isa = PBXFileReference; lastKnownFileType = text.plist.xml; path = Info.plist; sourceTree = "<group>"; };
		094B04811B62EFA9004DF622 /* AppDelegate.swift */ = {isa = PBXFileReference; lastKnownFileType = sourcecode.swift; path = AppDelegate.swift; sourceTree = "<group>"; };
		094B04831B62EFA9004DF622 /* ViewController.swift */ = {isa = PBXFileReference; lastKnownFileType = sourcecode.swift; path = ViewController.swift; sourceTree = "<group>"; };
		094B04861B62EFA9004DF622 /* Base */ = {isa = PBXFileReference; lastKnownFileType = file.storyboard; name = Base; path = Base.lproj/Main.storyboard; sourceTree = "<group>"; };
		094B04881B62EFA9004DF622 /* Images.xcassets */ = {isa = PBXFileReference; lastKnownFileType = folder.assetcatalog; path = Images.xcassets; sourceTree = "<group>"; };
		094B048B1B62EFA9004DF622 /* Base */ = {isa = PBXFileReference; lastKnownFileType = file.xib; name = Base; path = Base.lproj/LaunchScreen.xib; sourceTree = "<group>"; };
		094B04911B62EFA9004DF622 /* coinflipTests.xctest */ = {isa = PBXFileReference; explicitFileType = wrapper.cfbundle; includeInIndex = 0; path = coinflipTests.xctest; sourceTree = BUILT_PRODUCTS_DIR; };
		094B04961B62EFA9004DF622 /* Info.plist */ = {isa = PBXFileReference; lastKnownFileType = text.plist.xml; path = Info.plist; sourceTree = "<group>"; };
		094B04971B62EFA9004DF622 /* coinflipTests.swift */ = {isa = PBXFileReference; lastKnownFileType = sourcecode.swift; path = coinflipTests.swift; sourceTree = "<group>"; };
/* End PBXFileReference section */

/* Begin PBXFrameworksBuildPhase section */
		094B04791B62EFA9004DF622 /* Frameworks */ = {
			isa = PBXFrameworksBuildPhase;
			buildActionMask = 2147483647;
			files = (
			);
			runOnlyForDeploymentPostprocessing = 0;
		};
		094B048E1B62EFA9004DF622 /* Frameworks */ = {
			isa = PBXFrameworksBuildPhase;
			buildActionMask = 2147483647;
			files = (
			);
			runOnlyForDeploymentPostprocessing = 0;
		};
/* End PBXFrameworksBuildPhase section */

/* Begin PBXGroup section */
		094B04731B62EFA9004DF622 = {
			isa = PBXGroup;
			children = (
				094B047E1B62EFA9004DF622 /* coinflip */,
				094B04941B62EFA9004DF622 /* coinflipTests */,
				094B047D1B62EFA9004DF622 /* Products */,
			);
			sourceTree = "<group>";
		};
		094B047D1B62EFA9004DF622 /* Products */ = {
			isa = PBXGroup;
			children = (
				094B047C1B62EFA9004DF622 /* coinflip.app */,
				094B04911B62EFA9004DF622 /* coinflipTests.xctest */,
			);
			name = Products;
			sourceTree = "<group>";
		};
		094B047E1B62EFA9004DF622 /* coinflip */ = {
			isa = PBXGroup;
			children = (
				094B04811B62EFA9004DF622 /* AppDelegate.swift */,
				094B04831B62EFA9004DF622 /* ViewController.swift */,
				094B04851B62EFA9004DF622 /* Main.storyboard */,
				094B04881B62EFA9004DF622 /* Images.xcassets */,
				094B048A1B62EFA9004DF622 /* LaunchScreen.xib */,
				094B047F1B62EFA9004DF622 /* Supporting Files */,
			);
			path = coinflip;
			sourceTree = "<group>";
		};
		094B047F1B62EFA9004DF622 /* Supporting Files */ = {
			isa = PBXGroup;
			children = (
				094B04801B62EFA9004DF622 /* Info.plist */,
			);
			name = "Supporting Files";
			sourceTree = "<group>";
		};
		094B04941B62EFA9004DF622 /* coinflipTests */ = {
			isa = PBXGroup;
			children = (
				094B04971B62EFA9004DF622 /* coinflipTests.swift */,
				094B04951B62EFA9004DF622 /* Supporting Files */,
			);
			path = coinflipTests;
			sourceTree = "<group>";
		};
		094B04951B62EFA9004DF622 /* Supporting Files */ = {
			isa = PBXGroup;
			children = (
				094B04961B62EFA9004DF622 /* Info.plist */,
			);
			name = "Supporting Files";
			sourceTree = "<group>";
		};
/* End PBXGroup section */

/* Begin PBXNativeTarget section */
		094B047B1B62EFA9004DF622 /* coinflip */ = {
			isa = PBXNativeTarget;
			buildConfigurationList = 094B049B1B62EFA9004DF622 /* Build configuration list for PBXNativeTarget "coinflip" */;
			buildPhases = (
				094B04781B62EFA9004DF622 /* Sources */,
				094B04791B62EFA9004DF622 /* Frameworks */,
				094B047A1B62EFA9004DF622 /* Resources */,
			);
			buildRules = (
			);
			dependencies = (
			);
			name = coinflip;
			productName = coinflip;
			productReference = 094B047C1B62EFA9004DF622 /* coinflip.app */;
			productType = "com.apple.product-type.application";
		};
		094B04901B62EFA9004DF622 /* coinflipTests */ = {
			isa = PBXNativeTarget;
			buildConfigurationList = 094B049E1B62EFA9004DF622 /* Build configuration list for PBXNativeTarget "coinflipTests" */;
			buildPhases = (
				094B048D1B62EFA9004DF622 /* Sources */,
				094B048E1B62EFA9004DF622 /* Frameworks */,
				094B048F1B62EFA9004DF622 /* Resources */,
			);
			buildRules = (
			);
			dependencies = (
				094B04931B62EFA9004DF622 /* PBXTargetDependency */,
			);
			name = coinflipTests;
			productName = coinflipTests;
			productReference = 094B04911B62EFA9004DF622 /* coinflipTests.xctest */;
			productType = "com.apple.product-type.bundle.unit-test";
		};
/* End PBXNativeTarget section */

/* Begin PBXProject section */
		094B04741B62EFA9004DF622 /* Project object */ = {
			isa = PBXProject;
			attributes = {
				LastUpgradeCheck = 0610;
				ORGANIZATIONNAME = "___bear___";
				TargetAttributes = {
					094B047B1B62EFA9004DF622 = {
						CreatedOnToolsVersion = 6.1;
					};
					094B04901B62EFA9004DF622 = {
						CreatedOnToolsVersion = 6.1;
						TestTargetID = 094B047B1B62EFA9004DF622;
					};
				};
			};
			buildConfigurationList = 094B04771B62EFA9004DF622 /* Build configuration list for PBXProject "coinflip" */;
			compatibilityVersion = "Xcode 3.2";
			developmentRegion = English;
			hasScannedForEncodings = 0;
			knownRegions = (
				en,
				Base,
			);
			mainGroup = 094B04731B62EFA9004DF622;
			productRefGroup = 094B047D1B62EFA9004DF622 /* Products */;
			projectDirPath = "";
			projectRoot = "";
			targets = (
				094B047B1B62EFA9004DF622 /* coinflip */,
				094B04901B62EFA9004DF622 /* coinflipTests */,
			);
		};
/* End PBXProject section */

/* Begin PBXResourcesBuildPhase section */
		094B047A1B62EFA9004DF622 /* Resources */ = {
			isa = PBXResourcesBuildPhase;
			buildActionMask = 2147483647;
			files = (
				094B04871B62EFA9004DF622 /* Main.storyboard in Resources */,
				094B048C1B62EFA9004DF622 /* LaunchScreen.xib in Resources */,
				094B04891B62EFA9004DF622 /* Images.xcassets in Resources */,
			);
			runOnlyForDeploymentPostprocessing = 0;
		};
		094B048F1B62EFA9004DF622 /* Resources */ = {
			isa = PBXResourcesBuildPhase;
			buildActionMask = 2147483647;
			files = (
			);
			runOnlyForDeploymentPostprocessing = 0;
		};
/* End PBXResourcesBuildPhase section */

/* Begin PBXSourcesBuildPhase section */
		094B04781B62EFA9004DF622 /* Sources */ = {
			isa = PBXSourcesBuildPhase;
			buildActionMask = 2147483647;
			files = (
				094B04841B62EFA9004DF622 /* ViewController.swift in Sources */,
				094B04821B62EFA9004DF622 /* AppDelegate.swift in Sources */,
			);
			runOnlyForDeploymentPostprocessing = 0;
		};
		094B048D1B62EFA9004DF622 /* Sources */ = {
			isa = PBXSourcesBuildPhase;
			buildActionMask = 2147483647;
			files = (
				094B04981B62EFA9004DF622 /* coinflipTests.swift in Sources */,
			);
			runOnlyForDeploymentPostprocessing = 0;
		};
/* End PBXSourcesBuildPhase section */

/* Begin PBXTargetDependency section */
		094B04931B62EFA9004DF622 /* PBXTargetDependency */ = {
			isa = PBXTargetDependency;
			target = 094B047B1B62EFA9004DF622 /* coinflip */;
			targetProxy = 094B04921B62EFA9004DF622 /* PBXContainerItemProxy */;
		};
/* End PBXTargetDependency section */

/* Begin PBXVariantGroup section */
		094B04851B62EFA9004DF622 /* Main.storyboard */ = {
			isa = PBXVariantGroup;
			children = (
				094B04861B62EFA9004DF622 /* Base */,
			);
			name = Main.storyboard;
			sourceTree = "<group>";
		};
		094B048A1B62EFA9004DF622 /* LaunchScreen.xib */ = {
			isa = PBXVariantGroup;
			children = (
				094B048B1B62EFA9004DF622 /* Base */,
			);
			name = LaunchScreen.xib;
			sourceTree = "<group>";
		};
/* End PBXVariantGroup section */

/* Begin XCBuildConfiguration section */
		094B04991B62EFA9004DF622 /* Debug */ = {
			isa = XCBuildConfiguration;
			buildSettings = {
				ALWAYS_SEARCH_USER_PATHS = NO;
				CLANG_CXX_LANGUAGE_STANDARD = "gnu++0x";
				CLANG_CXX_LIBRARY = "libc++";
				CLANG_ENABLE_MODULES = YES;
				CLANG_ENABLE_OBJC_ARC = YES;
				CLANG_WARN_BOOL_CONVERSION = YES;
				CLANG_WARN_CONSTANT_CONVERSION = YES;
				CLANG_WARN_DIRECT_OBJC_ISA_USAGE = YES_ERROR;
				CLANG_WARN_EMPTY_BODY = YES;
				CLANG_WARN_ENUM_CONVERSION = YES;
				CLANG_WARN_INT_CONVERSION = YES;
				CLANG_WARN_OBJC_ROOT_CLASS = YES_ERROR;
				CLANG_WARN_UNREACHABLE_CODE = YES;
				CLANG_WARN__DUPLICATE_METHOD_MATCH = YES;
				"CODE_SIGN_IDENTITY[sdk=iphoneos*]" = "iPhone Developer";
				COPY_PHASE_STRIP = NO;
				ENABLE_STRICT_OBJC_MSGSEND = YES;
				GCC_C_LANGUAGE_STANDARD = gnu99;
				GCC_DYNAMIC_NO_PIC = NO;
				GCC_OPTIMIZATION_LEVEL = 0;
				GCC_PREPROCESSOR_DEFINITIONS = (
					"DEBUG=1",
					"$(inherited)",
				);
				GCC_SYMBOLS_PRIVATE_EXTERN = NO;
				GCC_WARN_64_TO_32_BIT_CONVERSION = YES;
				GCC_WARN_ABOUT_RETURN_TYPE = YES_ERROR;
				GCC_WARN_UNDECLARED_SELECTOR = YES;
				GCC_WARN_UNINITIALIZED_AUTOS = YES_AGGRESSIVE;
				GCC_WARN_UNUSED_FUNCTION = YES;
				GCC_WARN_UNUSED_VARIABLE = YES;
				IPHONEOS_DEPLOYMENT_TARGET = 8.1;
				MTL_ENABLE_DEBUG_INFO = YES;
				ONLY_ACTIVE_ARCH = YES;
				SDKROOT = iphoneos;
				SWIFT_OPTIMIZATION_LEVEL = "-Onone";
				TARGETED_DEVICE_FAMILY = "1,2";
			};
			name = Debug;
		};
		094B049A1B62EFA9004DF622 /* Release */ = {
			isa = XCBuildConfiguration;
			buildSettings = {
				ALWAYS_SEARCH_USER_PATHS = NO;
				CLANG_CXX_LANGUAGE_STANDARD = "gnu++0x";
				CLANG_CXX_LIBRARY = "libc++";
				CLANG_ENABLE_MODULES = YES;
				CLANG_ENABLE_OBJC_ARC = YES;
				CLANG_WARN_BOOL_CONVERSION = YES;
				CLANG_WARN_CONSTANT_CONVERSION = YES;
				CLANG_WARN_DIRECT_OBJC_ISA_USAGE = YES_ERROR;
				CLANG_WARN_EMPTY_BODY = YES;
				CLANG_WARN_ENUM_CONVERSION = YES;
				CLANG_WARN_INT_CONVERSION = YES;
				CLANG_WARN_OBJC_ROOT_CLASS = YES_ERROR;
				CLANG_WARN_UNREACHABLE_CODE = YES;
				CLANG_WARN__DUPLICATE_METHOD_MATCH = YES;
				"CODE_SIGN_IDENTITY[sdk=iphoneos*]" = "iPhone Developer";
				COPY_PHASE_STRIP = YES;
				ENABLE_NS_ASSERTIONS = NO;
				ENABLE_STRICT_OBJC_MSGSEND = YES;
				GCC_C_LANGUAGE_STANDARD = gnu99;
				GCC_WARN_64_TO_32_BIT_CONVERSION = YES;
				GCC_WARN_ABOUT_RETURN_TYPE = YES_ERROR;
				GCC_WARN_UNDECLARED_SELECTOR = YES;
				GCC_WARN_UNINITIALIZED_AUTOS = YES_AGGRESSIVE;
				GCC_WARN_UNUSED_FUNCTION = YES;
				GCC_WARN_UNUSED_VARIABLE = YES;
				IPHONEOS_DEPLOYMENT_TARGET = 8.1;
				MTL_ENABLE_DEBUG_INFO = NO;
				SDKROOT = iphoneos;
				TARGETED_DEVICE_FAMILY = "1,2";
				VALIDATE_PRODUCT = YES;
			};
			name = Release;
		};
		094B049C1B62EFA9004DF622 /* Debug */ = {
			isa = XCBuildConfiguration;
			buildSettings = {
				ASSETCATALOG_COMPILER_APPICON_NAME = AppIcon;
				INFOPLIST_FILE = coinflip/Info.plist;
				LD_RUNPATH_SEARCH_PATHS = "$(inherited) @executable_path/Frameworks";
				PRODUCT_NAME = "$(TARGET_NAME)";
			};
			name = Debug;
		};
		094B049D1B62EFA9004DF622 /* Release */ = {
			isa = XCBuildConfiguration;
			buildSettings = {
				ASSETCATALOG_COMPILER_APPICON_NAME = AppIcon;
				INFOPLIST_FILE = coinflip/Info.plist;
				LD_RUNPATH_SEARCH_PATHS = "$(inherited) @executable_path/Frameworks";
				PRODUCT_NAME = "$(TARGET_NAME)";
			};
			name = Release;
		};
		094B049F1B62EFA9004DF622 /* Debug */ = {
			isa = XCBuildConfiguration;
			buildSettings = {
				BUNDLE_LOADER = "$(TEST_HOST)";
				FRAMEWORK_SEARCH_PATHS = (
					"$(SDKROOT)/Developer/Library/Frameworks",
					"$(inherited)",
				);
				GCC_PREPROCESSOR_DEFINITIONS = (
					"DEBUG=1",
					"$(inherited)",
				);
				INFOPLIST_FILE = coinflipTests/Info.plist;
				LD_RUNPATH_SEARCH_PATHS = "$(inherited) @executable_path/Frameworks @loader_path/Frameworks";
				PRODUCT_NAME = "$(TARGET_NAME)";
				TEST_HOST = "$(BUILT_PRODUCTS_DIR)/coinflip.app/coinflip";
			};
			name = Debug;
		};
		094B04A01B62EFA9004DF622 /* Release */ = {
			isa = XCBuildConfiguration;
			buildSettings = {
				BUNDLE_LOADER = "$(TEST_HOST)";
				FRAMEWORK_SEARCH_PATHS = (
					"$(SDKROOT)/Developer/Library/Frameworks",
					"$(inherited)",
				);
				INFOPLIST_FILE = coinflipTests/Info.plist;
				LD_RUNPATH_SEARCH_PATHS = "$(inherited) @executable_path/Frameworks @loader_path/Frameworks";
				PRODUCT_NAME = "$(TARGET_NAME)";
				TEST_HOST = "$(BUILT_PRODUCTS_DIR)/coinflip.app/coinflip";
			};
			name = Release;
		};
/* End XCBuildConfiguration section */

/* Begin XCConfigurationList section */
		094B04771B62EFA9004DF622 /* Build configuration list for PBXProject "coinflip" */ = {
			isa = XCConfigurationList;
			buildConfigurations = (
				094B04991B62EFA9004DF622 /* Debug */,
				094B049A1B62EFA9004DF622 /* Release */,
			);
			defaultConfigurationIsVisible = 0;
			defaultConfigurationName = Release;
		};
		094B049B1B62EFA9004DF622 /* Build configuration list for PBXNativeTarget "coinflip" */ = {
			isa = XCConfigurationList;
			buildConfigurations = (
				094B049C1B62EFA9004DF622 /* Debug */,
				094B049D1B62EFA9004DF622 /* Release */,
			);
			defaultConfigurationIsVisible = 0;
		};
		094B049E1B62EFA9004DF622 /* Build configuration list for PBXNativeTarget "coinflipTests" */ = {
			isa = XCConfigurationList;
			buildConfigurations = (
				094B049F1B62EFA9004DF622 /* Debug */,
				094B04A01B62EFA9004DF622 /* Release */,
			);
			defaultConfigurationIsVisible = 0;
		};
/* End XCConfigurationList section */
	};
	rootObject = 094B04741B62EFA9004DF622 /* Project object */;
}
